
Microsoft Visual Studio Solution File, Format Version 12.00
# Visual Studio Version 17
VisualStudioVersion = 17.11.35327.3
MinimumVisualStudioVersion = 10.0.40219.1
Project("{FAE04EC0-301F-11D3-BF4B-00C04F79EFBC}") = "dibug", "dibug\dibug.csproj", "{BEC10F0A-E51A-4583-9CD6-15E2970BD7BA}"
EndProject
Global
	GlobalSection(SolutionConfigurationPlatforms) = preSolution
		Debug|Any CPU = Debug|Any CPU
		Release|Any CPU = Release|Any CPU
	EndGlobalSection
	GlobalSection(ProjectConfigurationPlatforms) = postSolution
		{BEC10F0A-E51A-4583-9CD6-15E2970BD7BA}.Debug|Any CPU.ActiveCfg = Debug|Any CPU
		{BEC10F0A-E51A-4583-9CD6-15E2970BD7BA}.Debug|Any CPU.Build.0 = Debug|Any CPU
		{BEC10F0A-E51A-4583-9CD6-15E2970BD7BA}.Release|Any CPU.ActiveCfg = Release|Any CPU
		{BEC10F0A-E51A-4583-9CD6-15E2970BD7BA}.Release|Any CPU.Build.0 = Release|Any CPU
	EndGlobalSection
	GlobalSection(SolutionProperties) = preSolution
		HideSolutionNode = FALSE
	EndGlobalSection
	GlobalSection(ExtensibilityGlobals) = postSolution
		SolutionGuid = {AC82870B-0FC3-4328-974F-52A733F51F71}
	EndGlobalSection
EndGlobal
